
Microsoft Visual Studio Solution File, Format Version 12.00
# Visual Studio Version 17
VisualStudioVersion = 17.1.32328.378
MinimumVisualStudioVersion = 10.0.40219.1
Project("{9A19103F-16F7-4668-BE54-9A1E7A4F7556}") = "UE4-Patcher", "UE4-Patcher\UE4-Patcher.csproj", "{9DDC1887-814D-4F34-89DF-2228EAD7B9E3}"
EndProject
Project("{2150E333-8FDC-42A3-9474-1A3956D46DE8}") = "Solution Items", "Solution Items", "{CFD3C80E-A8B8-46A2-A0FA-1EDC5B28BFA9}"
	ProjectSection(SolutionItems) = preProject
		.editorconfig = .editorconfig
	EndProjectSection
EndProject
Global
	GlobalSection(SolutionConfigurationPlatforms) = preSolution
		Debug|Any CPU = Debug|Any CPU
		Release|Any CPU = Release|Any CPU
	EndGlobalSection
	GlobalSection(ProjectConfigurationPlatforms) = postSolution
		{9DDC1887-814D-4F34-89DF-2228EAD7B9E3}.Debug|Any CPU.ActiveCfg = Debug|Any CPU
		{9DDC1887-814D-4F34-89DF-2228EAD7B9E3}.Debug|Any CPU.Build.0 = Debug|Any CPU
		{9DDC1887-814D-4F34-89DF-2228EAD7B9E3}.Release|Any CPU.ActiveCfg = Release|Any CPU
		{9DDC1887-814D-4F34-89DF-2228EAD7B9E3}.Release|Any CPU.Build.0 = Release|Any CPU
	EndGlobalSection
	GlobalSection(SolutionProperties) = preSolution
		HideSolutionNode = FALSE
	EndGlobalSection
	GlobalSection(ExtensibilityGlobals) = postSolution
		SolutionGuid = {DFB2803D-62AE-4474-9FBC-DE9F442E35F4}
	EndGlobalSection
EndGlobal
