
Microsoft Visual Studio Solution File, Format Version 12.00
# Visual Studio Version 16
VisualStudioVersion = 16.0.31410.357
MinimumVisualStudioVersion = 10.0.40219.1
Project("{FAE04EC0-301F-11D3-BF4B-00C04F79EFBC}") = "UE4Patcher", "UE4Patcher\UE4Patcher.csproj", "{904BED83-06D7-4B9B-A180-432778D0E19B}"
EndProject
Global
	GlobalSection(SolutionConfigurationPlatforms) = preSolution
		Debug|Any CPU = Debug|Any CPU
		Release|Any CPU = Release|Any CPU
	EndGlobalSection
	GlobalSection(ProjectConfigurationPlatforms) = postSolution
		{904BED83-06D7-4B9B-A180-432778D0E19B}.Debug|Any CPU.ActiveCfg = Debug|Any CPU
		{904BED83-06D7-4B9B-A180-432778D0E19B}.Debug|Any CPU.Build.0 = Debug|Any CPU
		{904BED83-06D7-4B9B-A180-432778D0E19B}.Release|Any CPU.ActiveCfg = Release|Any CPU
		{904BED83-06D7-4B9B-A180-432778D0E19B}.Release|Any CPU.Build.0 = Release|Any CPU
	EndGlobalSection
	GlobalSection(SolutionProperties) = preSolution
		HideSolutionNode = FALSE
	EndGlobalSection
	GlobalSection(ExtensibilityGlobals) = postSolution
		SolutionGuid = {5CF1593C-ABC6-4A28-AB5C-2DA8EAADC54D}
	EndGlobalSection
EndGlobal
